// !$*UTF8*$!
{
	archiveVersion = 1;
	classes = {
	};
	objectVersion = 51;
	objects = {

/* Begin PBXBuildFile section */
		A842611726DEF5140D58C7DB /* Pods_InstagramClient.framework in Frameworks */ = {isa = PBXBuildFile; fileRef = AD6BB12A37F5CC3D2FE5F88E /* Pods_InstagramClient.framework */; };
		B7241DE32B2FF51535EB5E89 /* Pods_InstagramClient_InstagramClientUITests.framework in Frameworks */ = {isa = PBXBuildFile; fileRef = DAFE072CFBC903289ED2B867 /* Pods_InstagramClient_InstagramClientUITests.framework */; };
		C329BFC359DF6B112287779F /* Pods_InstagramClientTests.framework in Frameworks */ = {isa = PBXBuildFile; fileRef = 0EAFD4EE7A916889931C9F49 /* Pods_InstagramClientTests.framework */; };
		CA91852324B3CE57008F7BDF /* AppDelegate.m in Sources */ = {isa = PBXBuildFile; fileRef = CA91852224B3CE57008F7BDF /* AppDelegate.m */; };
		CA91852624B3CE57008F7BDF /* SceneDelegate.m in Sources */ = {isa = PBXBuildFile; fileRef = CA91852524B3CE57008F7BDF /* SceneDelegate.m */; };
		CA91852C24B3CE57008F7BDF /* Main.storyboard in Resources */ = {isa = PBXBuildFile; fileRef = CA91852A24B3CE57008F7BDF /* Main.storyboard */; };
		CA91852E24B3CE57008F7BDF /* Assets.xcassets in Resources */ = {isa = PBXBuildFile; fileRef = CA91852D24B3CE57008F7BDF /* Assets.xcassets */; };
		CA91853124B3CE57008F7BDF /* LaunchScreen.storyboard in Resources */ = {isa = PBXBuildFile; fileRef = CA91852F24B3CE57008F7BDF /* LaunchScreen.storyboard */; };
		CA91853424B3CE57008F7BDF /* main.m in Sources */ = {isa = PBXBuildFile; fileRef = CA91853324B3CE57008F7BDF /* main.m */; };
		CA91853E24B3CE57008F7BDF /* InstagramClientTests.m in Sources */ = {isa = PBXBuildFile; fileRef = CA91853D24B3CE57008F7BDF /* InstagramClientTests.m */; };
		CA91854924B3CE57008F7BDF /* InstagramClientUITests.m in Sources */ = {isa = PBXBuildFile; fileRef = CA91854824B3CE57008F7BDF /* InstagramClientUITests.m */; };
		CA91855B24B3D97A008F7BDF /* LoginController.m in Sources */ = {isa = PBXBuildFile; fileRef = CA91855A24B3D97A008F7BDF /* LoginController.m */; };
		CA91856124B3E017008F7BDF /* TimelineViewController.m in Sources */ = {isa = PBXBuildFile; fileRef = CA91856024B3E017008F7BDF /* TimelineViewController.m */; };
/* End PBXBuildFile section */

/* Begin PBXContainerItemProxy section */
		CA91853A24B3CE57008F7BDF /* PBXContainerItemProxy */ = {
			isa = PBXContainerItemProxy;
			containerPortal = CA91851624B3CE57008F7BDF /* Project object */;
			proxyType = 1;
			remoteGlobalIDString = CA91851D24B3CE57008F7BDF;
			remoteInfo = InstagramClient;
		};
		CA91854524B3CE57008F7BDF /* PBXContainerItemProxy */ = {
			isa = PBXContainerItemProxy;
			containerPortal = CA91851624B3CE57008F7BDF /* Project object */;
			proxyType = 1;
			remoteGlobalIDString = CA91851D24B3CE57008F7BDF;
			remoteInfo = InstagramClient;
		};
/* End PBXContainerItemProxy section */

/* Begin PBXFileReference section */
		0EAFD4EE7A916889931C9F49 /* Pods_InstagramClientTests.framework */ = {isa = PBXFileReference; explicitFileType = wrapper.framework; includeInIndex = 0; path = Pods_InstagramClientTests.framework; sourceTree = BUILT_PRODUCTS_DIR; };
		A1DFEBC62BD80880B958D779 /* Pods-InstagramClient-InstagramClientUITests.release.xcconfig */ = {isa = PBXFileReference; includeInIndex = 1; lastKnownFileType = text.xcconfig; name = "Pods-InstagramClient-InstagramClientUITests.release.xcconfig"; path = "Target Support Files/Pods-InstagramClient-InstagramClientUITests/Pods-InstagramClient-InstagramClientUITests.release.xcconfig"; sourceTree = "<group>"; };
		A730CBCF69CD30075BE87F89 /* Pods-InstagramClient.debug.xcconfig */ = {isa = PBXFileReference; includeInIndex = 1; lastKnownFileType = text.xcconfig; name = "Pods-InstagramClient.debug.xcconfig"; path = "Target Support Files/Pods-InstagramClient/Pods-InstagramClient.debug.xcconfig"; sourceTree = "<group>"; };
		AB363D1D7FAF33617F266666 /* Pods-InstagramClient-InstagramClientUITests.debug.xcconfig */ = {isa = PBXFileReference; includeInIndex = 1; lastKnownFileType = text.xcconfig; name = "Pods-InstagramClient-InstagramClientUITests.debug.xcconfig"; path = "Target Support Files/Pods-InstagramClient-InstagramClientUITests/Pods-InstagramClient-InstagramClientUITests.debug.xcconfig"; sourceTree = "<group>"; };
		AD6BB12A37F5CC3D2FE5F88E /* Pods_InstagramClient.framework */ = {isa = PBXFileReference; explicitFileType = wrapper.framework; includeInIndex = 0; path = Pods_InstagramClient.framework; sourceTree = BUILT_PRODUCTS_DIR; };
		C4B9646940B4C3F0452CED99 /* Pods-InstagramClient.release.xcconfig */ = {isa = PBXFileReference; includeInIndex = 1; lastKnownFileType = text.xcconfig; name = "Pods-InstagramClient.release.xcconfig"; path = "Target Support Files/Pods-InstagramClient/Pods-InstagramClient.release.xcconfig"; sourceTree = "<group>"; };
		CA91851E24B3CE57008F7BDF /* InstagramClient.app */ = {isa = PBXFileReference; explicitFileType = wrapper.application; includeInIndex = 0; path = InstagramClient.app; sourceTree = BUILT_PRODUCTS_DIR; };
		CA91852124B3CE57008F7BDF /* AppDelegate.h */ = {isa = PBXFileReference; lastKnownFileType = sourcecode.c.h; path = AppDelegate.h; sourceTree = "<group>"; };
		CA91852224B3CE57008F7BDF /* AppDelegate.m */ = {isa = PBXFileReference; lastKnownFileType = sourcecode.c.objc; path = AppDelegate.m; sourceTree = "<group>"; };
		CA91852424B3CE57008F7BDF /* SceneDelegate.h */ = {isa = PBXFileReference; lastKnownFileType = sourcecode.c.h; path = SceneDelegate.h; sourceTree = "<group>"; };
		CA91852524B3CE57008F7BDF /* SceneDelegate.m */ = {isa = PBXFileReference; lastKnownFileType = sourcecode.c.objc; path = SceneDelegate.m; sourceTree = "<group>"; };
		CA91852B24B3CE57008F7BDF /* Base */ = {isa = PBXFileReference; lastKnownFileType = file.storyboard; name = Base; path = Base.lproj/Main.storyboard; sourceTree = "<group>"; };
		CA91852D24B3CE57008F7BDF /* Assets.xcassets */ = {isa = PBXFileReference; lastKnownFileType = folder.assetcatalog; path = Assets.xcassets; sourceTree = "<group>"; };
		CA91853024B3CE57008F7BDF /* Base */ = {isa = PBXFileReference; lastKnownFileType = file.storyboard; name = Base; path = Base.lproj/LaunchScreen.storyboard; sourceTree = "<group>"; };
		CA91853224B3CE57008F7BDF /* Info.plist */ = {isa = PBXFileReference; lastKnownFileType = text.plist.xml; path = Info.plist; sourceTree = "<group>"; };
		CA91853324B3CE57008F7BDF /* main.m */ = {isa = PBXFileReference; lastKnownFileType = sourcecode.c.objc; path = main.m; sourceTree = "<group>"; };
		CA91853924B3CE57008F7BDF /* InstagramClientTests.xctest */ = {isa = PBXFileReference; explicitFileType = wrapper.cfbundle; includeInIndex = 0; path = InstagramClientTests.xctest; sourceTree = BUILT_PRODUCTS_DIR; };
		CA91853D24B3CE57008F7BDF /* InstagramClientTests.m */ = {isa = PBXFileReference; lastKnownFileType = sourcecode.c.objc; path = InstagramClientTests.m; sourceTree = "<group>"; };
		CA91853F24B3CE57008F7BDF /* Info.plist */ = {isa = PBXFileReference; lastKnownFileType = text.plist.xml; path = Info.plist; sourceTree = "<group>"; };
		CA91854424B3CE57008F7BDF /* InstagramClientUITests.xctest */ = {isa = PBXFileReference; explicitFileType = wrapper.cfbundle; includeInIndex = 0; path = InstagramClientUITests.xctest; sourceTree = BUILT_PRODUCTS_DIR; };
		CA91854824B3CE57008F7BDF /* InstagramClientUITests.m */ = {isa = PBXFileReference; lastKnownFileType = sourcecode.c.objc; path = InstagramClientUITests.m; sourceTree = "<group>"; };
		CA91854A24B3CE57008F7BDF /* Info.plist */ = {isa = PBXFileReference; lastKnownFileType = text.plist.xml; path = Info.plist; sourceTree = "<group>"; };
		CA91855924B3D97A008F7BDF /* LoginController.h */ = {isa = PBXFileReference; lastKnownFileType = sourcecode.c.h; path = LoginController.h; sourceTree = "<group>"; };
		CA91855A24B3D97A008F7BDF /* LoginController.m */ = {isa = PBXFileReference; lastKnownFileType = sourcecode.c.objc; path = LoginController.m; sourceTree = "<group>"; };
		CA91855F24B3E017008F7BDF /* TimelineViewController.h */ = {isa = PBXFileReference; lastKnownFileType = sourcecode.c.h; path = TimelineViewController.h; sourceTree = "<group>"; };
		CA91856024B3E017008F7BDF /* TimelineViewController.m */ = {isa = PBXFileReference; lastKnownFileType = sourcecode.c.objc; path = TimelineViewController.m; sourceTree = "<group>"; };
		DAFE072CFBC903289ED2B867 /* Pods_InstagramClient_InstagramClientUITests.framework */ = {isa = PBXFileReference; explicitFileType = wrapper.framework; includeInIndex = 0; path = Pods_InstagramClient_InstagramClientUITests.framework; sourceTree = BUILT_PRODUCTS_DIR; };
		E94417581A178FF1FD731445 /* Pods-InstagramClientTests.release.xcconfig */ = {isa = PBXFileReference; includeInIndex = 1; lastKnownFileType = text.xcconfig; name = "Pods-InstagramClientTests.release.xcconfig"; path = "Target Support Files/Pods-InstagramClientTests/Pods-InstagramClientTests.release.xcconfig"; sourceTree = "<group>"; };
		EFCFEF2631922A2E3B1FCC22 /* Pods-InstagramClientTests.debug.xcconfig */ = {isa = PBXFileReference; includeInIndex = 1; lastKnownFileType = text.xcconfig; name = "Pods-InstagramClientTests.debug.xcconfig"; path = "Target Support Files/Pods-InstagramClientTests/Pods-InstagramClientTests.debug.xcconfig"; sourceTree = "<group>"; };
/* End PBXFileReference section */

/* Begin PBXFrameworksBuildPhase section */
		CA91851B24B3CE57008F7BDF /* Frameworks */ = {
			isa = PBXFrameworksBuildPhase;
			buildActionMask = 2147483647;
			files = (
				A842611726DEF5140D58C7DB /* Pods_InstagramClient.framework in Frameworks */,
			);
			runOnlyForDeploymentPostprocessing = 0;
		};
		CA91853624B3CE57008F7BDF /* Frameworks */ = {
			isa = PBXFrameworksBuildPhase;
			buildActionMask = 2147483647;
			files = (
				C329BFC359DF6B112287779F /* Pods_InstagramClientTests.framework in Frameworks */,
			);
			runOnlyForDeploymentPostprocessing = 0;
		};
		CA91854124B3CE57008F7BDF /* Frameworks */ = {
			isa = PBXFrameworksBuildPhase;
			buildActionMask = 2147483647;
			files = (
				B7241DE32B2FF51535EB5E89 /* Pods_InstagramClient_InstagramClientUITests.framework in Frameworks */,
			);
			runOnlyForDeploymentPostprocessing = 0;
		};
/* End PBXFrameworksBuildPhase section */

/* Begin PBXGroup section */
		474993D48C6325E9FCBBCDF7 /* Frameworks */ = {
			isa = PBXGroup;
			children = (
				AD6BB12A37F5CC3D2FE5F88E /* Pods_InstagramClient.framework */,
				DAFE072CFBC903289ED2B867 /* Pods_InstagramClient_InstagramClientUITests.framework */,
				0EAFD4EE7A916889931C9F49 /* Pods_InstagramClientTests.framework */,
			);
			name = Frameworks;
			sourceTree = "<group>";
		};
		CA91851524B3CE57008F7BDF = {
			isa = PBXGroup;
			children = (
				CA91852024B3CE57008F7BDF /* InstagramClient */,
				CA91853C24B3CE57008F7BDF /* InstagramClientTests */,
				CA91854724B3CE57008F7BDF /* InstagramClientUITests */,
				CA91851F24B3CE57008F7BDF /* Products */,
				FD91CDB458368CF3AE29EE38 /* Pods */,
				474993D48C6325E9FCBBCDF7 /* Frameworks */,
			);
			sourceTree = "<group>";
		};
		CA91851F24B3CE57008F7BDF /* Products */ = {
			isa = PBXGroup;
			children = (
				CA91851E24B3CE57008F7BDF /* InstagramClient.app */,
				CA91853924B3CE57008F7BDF /* InstagramClientTests.xctest */,
				CA91854424B3CE57008F7BDF /* InstagramClientUITests.xctest */,
			);
			name = Products;
			sourceTree = "<group>";
		};
		CA91852024B3CE57008F7BDF /* InstagramClient */ = {
			isa = PBXGroup;
			children = (
				CA91852124B3CE57008F7BDF /* AppDelegate.h */,
				CA91852224B3CE57008F7BDF /* AppDelegate.m */,
				CA91852424B3CE57008F7BDF /* SceneDelegate.h */,
				CA91852524B3CE57008F7BDF /* SceneDelegate.m */,
				CA91852A24B3CE57008F7BDF /* Main.storyboard */,
				CA91852D24B3CE57008F7BDF /* Assets.xcassets */,
				CA91852F24B3CE57008F7BDF /* LaunchScreen.storyboard */,
				CA91853224B3CE57008F7BDF /* Info.plist */,
				CA91853324B3CE57008F7BDF /* main.m */,
				CA91855924B3D97A008F7BDF /* LoginController.h */,
				CA91855A24B3D97A008F7BDF /* LoginController.m */,
				CA91855F24B3E017008F7BDF /* TimelineViewController.h */,
				CA91856024B3E017008F7BDF /* TimelineViewController.m */,
			);
			path = InstagramClient;
			sourceTree = "<group>";
		};
		CA91853C24B3CE57008F7BDF /* InstagramClientTests */ = {
			isa = PBXGroup;
			children = (
				CA91853D24B3CE57008F7BDF /* InstagramClientTests.m */,
				CA91853F24B3CE57008F7BDF /* Info.plist */,
			);
			path = InstagramClientTests;
			sourceTree = "<group>";
		};
		CA91854724B3CE57008F7BDF /* InstagramClientUITests */ = {
			isa = PBXGroup;
			children = (
				CA91854824B3CE57008F7BDF /* InstagramClientUITests.m */,
				CA91854A24B3CE57008F7BDF /* Info.plist */,
			);
			path = InstagramClientUITests;
			sourceTree = "<group>";
		};
		FD91CDB458368CF3AE29EE38 /* Pods */ = {
			isa = PBXGroup;
			children = (
				A730CBCF69CD30075BE87F89 /* Pods-InstagramClient.debug.xcconfig */,
				C4B9646940B4C3F0452CED99 /* Pods-InstagramClient.release.xcconfig */,
				AB363D1D7FAF33617F266666 /* Pods-InstagramClient-InstagramClientUITests.debug.xcconfig */,
				A1DFEBC62BD80880B958D779 /* Pods-InstagramClient-InstagramClientUITests.release.xcconfig */,
				EFCFEF2631922A2E3B1FCC22 /* Pods-InstagramClientTests.debug.xcconfig */,
				E94417581A178FF1FD731445 /* Pods-InstagramClientTests.release.xcconfig */,
			);
			path = Pods;
			sourceTree = "<group>";
		};
/* End PBXGroup section */

/* Begin PBXNativeTarget section */
		CA91851D24B3CE57008F7BDF /* InstagramClient */ = {
			isa = PBXNativeTarget;
			buildConfigurationList = CA91854D24B3CE57008F7BDF /* Build configuration list for PBXNativeTarget "InstagramClient" */;
			buildPhases = (
				86D1A2B0A7469E4F2B372EF5 /* [CP] Check Pods Manifest.lock */,
				CA91851A24B3CE57008F7BDF /* Sources */,
				CA91851B24B3CE57008F7BDF /* Frameworks */,
				CA91851C24B3CE57008F7BDF /* Resources */,
				D334F5F74FC844ADF361EE41 /* [CP] Embed Pods Frameworks */,
			);
			buildRules = (
			);
			dependencies = (
			);
			name = InstagramClient;
			productName = InstagramClient;
			productReference = CA91851E24B3CE57008F7BDF /* InstagramClient.app */;
			productType = "com.apple.product-type.application";
		};
		CA91853824B3CE57008F7BDF /* InstagramClientTests */ = {
			isa = PBXNativeTarget;
			buildConfigurationList = CA91855024B3CE57008F7BDF /* Build configuration list for PBXNativeTarget "InstagramClientTests" */;
			buildPhases = (
				B582CD1BF1450ED19C354F09 /* [CP] Check Pods Manifest.lock */,
				CA91853524B3CE57008F7BDF /* Sources */,
				CA91853624B3CE57008F7BDF /* Frameworks */,
				CA91853724B3CE57008F7BDF /* Resources */,
			);
			buildRules = (
			);
			dependencies = (
				CA91853B24B3CE57008F7BDF /* PBXTargetDependency */,
			);
			name = InstagramClientTests;
			productName = InstagramClientTests;
			productReference = CA91853924B3CE57008F7BDF /* InstagramClientTests.xctest */;
			productType = "com.apple.product-type.bundle.unit-test";
		};
		CA91854324B3CE57008F7BDF /* InstagramClientUITests */ = {
			isa = PBXNativeTarget;
			buildConfigurationList = CA91855324B3CE57008F7BDF /* Build configuration list for PBXNativeTarget "InstagramClientUITests" */;
			buildPhases = (
				6A1FDE3AE8CA728DF78CFF56 /* [CP] Check Pods Manifest.lock */,
				CA91854024B3CE57008F7BDF /* Sources */,
				CA91854124B3CE57008F7BDF /* Frameworks */,
				CA91854224B3CE57008F7BDF /* Resources */,
				4158F2DA23032A5705CFEC5A /* [CP] Embed Pods Frameworks */,
			);
			buildRules = (
			);
			dependencies = (
				CA91854624B3CE57008F7BDF /* PBXTargetDependency */,
			);
			name = InstagramClientUITests;
			productName = InstagramClientUITests;
			productReference = CA91854424B3CE57008F7BDF /* InstagramClientUITests.xctest */;
			productType = "com.apple.product-type.bundle.ui-testing";
		};
/* End PBXNativeTarget section */

/* Begin PBXProject section */
		CA91851624B3CE57008F7BDF /* Project object */ = {
			isa = PBXProject;
			attributes = {
				LastUpgradeCheck = 1150;
				ORGANIZATIONNAME = "Githel Lynn Suico";
				TargetAttributes = {
					CA91851D24B3CE57008F7BDF = {
						CreatedOnToolsVersion = 11.5;
					};
					CA91853824B3CE57008F7BDF = {
						CreatedOnToolsVersion = 11.5;
						TestTargetID = CA91851D24B3CE57008F7BDF;
					};
					CA91854324B3CE57008F7BDF = {
						CreatedOnToolsVersion = 11.5;
						TestTargetID = CA91851D24B3CE57008F7BDF;
					};
				};
			};
			buildConfigurationList = CA91851924B3CE57008F7BDF /* Build configuration list for PBXProject "InstagramClient" */;
			compatibilityVersion = "Xcode 9.3";
			developmentRegion = en;
			hasScannedForEncodings = 0;
			knownRegions = (
				en,
				Base,
			);
			mainGroup = CA91851524B3CE57008F7BDF;
			productRefGroup = CA91851F24B3CE57008F7BDF /* Products */;
			projectDirPath = "";
			projectRoot = "";
			targets = (
				CA91851D24B3CE57008F7BDF /* InstagramClient */,
				CA91853824B3CE57008F7BDF /* InstagramClientTests */,
				CA91854324B3CE57008F7BDF /* InstagramClientUITests */,
			);
		};
/* End PBXProject section */

/* Begin PBXResourcesBuildPhase section */
		CA91851C24B3CE57008F7BDF /* Resources */ = {
			isa = PBXResourcesBuildPhase;
			buildActionMask = 2147483647;
			files = (
				CA91853124B3CE57008F7BDF /* LaunchScreen.storyboard in Resources */,
				CA91852E24B3CE57008F7BDF /* Assets.xcassets in Resources */,
				CA91852C24B3CE57008F7BDF /* Main.storyboard in Resources */,
			);
			runOnlyForDeploymentPostprocessing = 0;
		};
		CA91853724B3CE57008F7BDF /* Resources */ = {
			isa = PBXResourcesBuildPhase;
			buildActionMask = 2147483647;
			files = (
			);
			runOnlyForDeploymentPostprocessing = 0;
		};
		CA91854224B3CE57008F7BDF /* Resources */ = {
			isa = PBXResourcesBuildPhase;
			buildActionMask = 2147483647;
			files = (
			);
			runOnlyForDeploymentPostprocessing = 0;
		};
/* End PBXResourcesBuildPhase section */

/* Begin PBXShellScriptBuildPhase section */
		4158F2DA23032A5705CFEC5A /* [CP] Embed Pods Frameworks */ = {
			isa = PBXShellScriptBuildPhase;
			buildActionMask = 2147483647;
			files = (
			);
			inputFileListPaths = (
				"${PODS_ROOT}/Target Support Files/Pods-InstagramClient-InstagramClientUITests/Pods-InstagramClient-InstagramClientUITests-frameworks-${CONFIGURATION}-input-files.xcfilelist",
			);
			name = "[CP] Embed Pods Frameworks";
			outputFileListPaths = (
				"${PODS_ROOT}/Target Support Files/Pods-InstagramClient-InstagramClientUITests/Pods-InstagramClient-InstagramClientUITests-frameworks-${CONFIGURATION}-output-files.xcfilelist",
			);
			runOnlyForDeploymentPostprocessing = 0;
			shellPath = /bin/sh;
			shellScript = "\"${PODS_ROOT}/Target Support Files/Pods-InstagramClient-InstagramClientUITests/Pods-InstagramClient-InstagramClientUITests-frameworks.sh\"\n";
			showEnvVarsInLog = 0;
		};
		6A1FDE3AE8CA728DF78CFF56 /* [CP] Check Pods Manifest.lock */ = {
			isa = PBXShellScriptBuildPhase;
			buildActionMask = 2147483647;
			files = (
			);
			inputFileListPaths = (
			);
			inputPaths = (
				"${PODS_PODFILE_DIR_PATH}/Podfile.lock",
				"${PODS_ROOT}/Manifest.lock",
			);
			name = "[CP] Check Pods Manifest.lock";
			outputFileListPaths = (
			);
			outputPaths = (
				"$(DERIVED_FILE_DIR)/Pods-InstagramClient-InstagramClientUITests-checkManifestLockResult.txt",
			);
			runOnlyForDeploymentPostprocessing = 0;
			shellPath = /bin/sh;
			shellScript = "diff \"${PODS_PODFILE_DIR_PATH}/Podfile.lock\" \"${PODS_ROOT}/Manifest.lock\" > /dev/null\nif [ $? != 0 ] ; then\n    # print error to STDERR\n    echo \"error: The sandbox is not in sync with the Podfile.lock. Run 'pod install' or update your CocoaPods installation.\" >&2\n    exit 1\nfi\n# This output is used by Xcode 'outputs' to avoid re-running this script phase.\necho \"SUCCESS\" > \"${SCRIPT_OUTPUT_FILE_0}\"\n";
			showEnvVarsInLog = 0;
		};
		86D1A2B0A7469E4F2B372EF5 /* [CP] Check Pods Manifest.lock */ = {
			isa = PBXShellScriptBuildPhase;
			buildActionMask = 2147483647;
			files = (
			);
			inputFileListPaths = (
			);
			inputPaths = (
				"${PODS_PODFILE_DIR_PATH}/Podfile.lock",
				"${PODS_ROOT}/Manifest.lock",
			);
			name = "[CP] Check Pods Manifest.lock";
			outputFileListPaths = (
			);
			outputPaths = (
				"$(DERIVED_FILE_DIR)/Pods-InstagramClient-checkManifestLockResult.txt",
			);
			runOnlyForDeploymentPostprocessing = 0;
			shellPath = /bin/sh;
			shellScript = "diff \"${PODS_PODFILE_DIR_PATH}/Podfile.lock\" \"${PODS_ROOT}/Manifest.lock\" > /dev/null\nif [ $? != 0 ] ; then\n    # print error to STDERR\n    echo \"error: The sandbox is not in sync with the Podfile.lock. Run 'pod install' or update your CocoaPods installation.\" >&2\n    exit 1\nfi\n# This output is used by Xcode 'outputs' to avoid re-running this script phase.\necho \"SUCCESS\" > \"${SCRIPT_OUTPUT_FILE_0}\"\n";
			showEnvVarsInLog = 0;
		};
		B582CD1BF1450ED19C354F09 /* [CP] Check Pods Manifest.lock */ = {
			isa = PBXShellScriptBuildPhase;
			buildActionMask = 2147483647;
			files = (
			);
			inputFileListPaths = (
			);
			inputPaths = (
				"${PODS_PODFILE_DIR_PATH}/Podfile.lock",
				"${PODS_ROOT}/Manifest.lock",
			);
			name = "[CP] Check Pods Manifest.lock";
			outputFileListPaths = (
			);
			outputPaths = (
				"$(DERIVED_FILE_DIR)/Pods-InstagramClientTests-checkManifestLockResult.txt",
			);
			runOnlyForDeploymentPostprocessing = 0;
			shellPath = /bin/sh;
			shellScript = "diff \"${PODS_PODFILE_DIR_PATH}/Podfile.lock\" \"${PODS_ROOT}/Manifest.lock\" > /dev/null\nif [ $? != 0 ] ; then\n    # print error to STDERR\n    echo \"error: The sandbox is not in sync with the Podfile.lock. Run 'pod install' or update your CocoaPods installation.\" >&2\n    exit 1\nfi\n# This output is used by Xcode 'outputs' to avoid re-running this script phase.\necho \"SUCCESS\" > \"${SCRIPT_OUTPUT_FILE_0}\"\n";
			showEnvVarsInLog = 0;
		};
		D334F5F74FC844ADF361EE41 /* [CP] Embed Pods Frameworks */ = {
			isa = PBXShellScriptBuildPhase;
			buildActionMask = 2147483647;
			files = (
			);
			inputFileListPaths = (
				"${PODS_ROOT}/Target Support Files/Pods-InstagramClient/Pods-InstagramClient-frameworks-${CONFIGURATION}-input-files.xcfilelist",
			);
			name = "[CP] Embed Pods Frameworks";
			outputFileListPaths = (
				"${PODS_ROOT}/Target Support Files/Pods-InstagramClient/Pods-InstagramClient-frameworks-${CONFIGURATION}-output-files.xcfilelist",
			);
			runOnlyForDeploymentPostprocessing = 0;
			shellPath = /bin/sh;
			shellScript = "\"${PODS_ROOT}/Target Support Files/Pods-InstagramClient/Pods-InstagramClient-frameworks.sh\"\n";
			showEnvVarsInLog = 0;
		};
/* End PBXShellScriptBuildPhase section */

/* Begin PBXSourcesBuildPhase section */
		CA91851A24B3CE57008F7BDF /* Sources */ = {
			isa = PBXSourcesBuildPhase;
			buildActionMask = 2147483647;
			files = (
				CA91852324B3CE57008F7BDF /* AppDelegate.m in Sources */,
				CA91855B24B3D97A008F7BDF /* LoginController.m in Sources */,
				CA91853424B3CE57008F7BDF /* main.m in Sources */,
				CA91852624B3CE57008F7BDF /* SceneDelegate.m in Sources */,
				CA91856124B3E017008F7BDF /* TimelineViewController.m in Sources */,
			);
			runOnlyForDeploymentPostprocessing = 0;
		};
		CA91853524B3CE57008F7BDF /* Sources */ = {
			isa = PBXSourcesBuildPhase;
			buildActionMask = 2147483647;
			files = (
				CA91853E24B3CE57008F7BDF /* InstagramClientTests.m in Sources */,
			);
			runOnlyForDeploymentPostprocessing = 0;
		};
		CA91854024B3CE57008F7BDF /* Sources */ = {
			isa = PBXSourcesBuildPhase;
			buildActionMask = 2147483647;
			files = (
				CA91854924B3CE57008F7BDF /* InstagramClientUITests.m in Sources */,
			);
			runOnlyForDeploymentPostprocessing = 0;
		};
/* End PBXSourcesBuildPhase section */

/* Begin PBXTargetDependency section */
		CA91853B24B3CE57008F7BDF /* PBXTargetDependency */ = {
			isa = PBXTargetDependency;
			target = CA91851D24B3CE57008F7BDF /* InstagramClient */;
			targetProxy = CA91853A24B3CE57008F7BDF /* PBXContainerItemProxy */;
		};
		CA91854624B3CE57008F7BDF /* PBXTargetDependency */ = {
			isa = PBXTargetDependency;
			target = CA91851D24B3CE57008F7BDF /* InstagramClient */;
			targetProxy = CA91854524B3CE57008F7BDF /* PBXContainerItemProxy */;
		};
/* End PBXTargetDependency section */

/* Begin PBXVariantGroup section */
		CA91852A24B3CE57008F7BDF /* Main.storyboard */ = {
			isa = PBXVariantGroup;
			children = (
				CA91852B24B3CE57008F7BDF /* Base */,
			);
			name = Main.storyboard;
			sourceTree = "<group>";
		};
		CA91852F24B3CE57008F7BDF /* LaunchScreen.storyboard */ = {
			isa = PBXVariantGroup;
			children = (
				CA91853024B3CE57008F7BDF /* Base */,
			);
			name = LaunchScreen.storyboard;
			sourceTree = "<group>";
		};
/* End PBXVariantGroup section */

/* Begin XCBuildConfiguration section */
		CA91854B24B3CE57008F7BDF /* Debug */ = {
			isa = XCBuildConfiguration;
			buildSettings = {
				ALWAYS_SEARCH_USER_PATHS = NO;
				CLANG_ANALYZER_NONNULL = YES;
				CLANG_ANALYZER_NUMBER_OBJECT_CONVERSION = YES_AGGRESSIVE;
				CLANG_CXX_LANGUAGE_STANDARD = "gnu++14";
				CLANG_CXX_LIBRARY = "libc++";
				CLANG_ENABLE_MODULES = YES;
				CLANG_ENABLE_OBJC_ARC = YES;
				CLANG_ENABLE_OBJC_WEAK = YES;
				CLANG_WARN_BLOCK_CAPTURE_AUTORELEASING = YES;
				CLANG_WARN_BOOL_CONVERSION = YES;
				CLANG_WARN_COMMA = YES;
				CLANG_WARN_CONSTANT_CONVERSION = YES;
				CLANG_WARN_DEPRECATED_OBJC_IMPLEMENTATIONS = YES;
				CLANG_WARN_DIRECT_OBJC_ISA_USAGE = YES_ERROR;
				CLANG_WARN_DOCUMENTATION_COMMENTS = YES;
				CLANG_WARN_EMPTY_BODY = YES;
				CLANG_WARN_ENUM_CONVERSION = YES;
				CLANG_WARN_INFINITE_RECURSION = YES;
				CLANG_WARN_INT_CONVERSION = YES;
				CLANG_WARN_NON_LITERAL_NULL_CONVERSION = YES;
				CLANG_WARN_OBJC_IMPLICIT_RETAIN_SELF = YES;
				CLANG_WARN_OBJC_LITERAL_CONVERSION = YES;
				CLANG_WARN_OBJC_ROOT_CLASS = YES_ERROR;
				CLANG_WARN_RANGE_LOOP_ANALYSIS = YES;
				CLANG_WARN_STRICT_PROTOTYPES = YES;
				CLANG_WARN_SUSPICIOUS_MOVE = YES;
				CLANG_WARN_UNGUARDED_AVAILABILITY = YES_AGGRESSIVE;
				CLANG_WARN_UNREACHABLE_CODE = YES;
				CLANG_WARN__DUPLICATE_METHOD_MATCH = YES;
				COPY_PHASE_STRIP = NO;
				DEBUG_INFORMATION_FORMAT = dwarf;
				ENABLE_STRICT_OBJC_MSGSEND = YES;
				ENABLE_TESTABILITY = YES;
				GCC_C_LANGUAGE_STANDARD = gnu11;
				GCC_DYNAMIC_NO_PIC = NO;
				GCC_NO_COMMON_BLOCKS = YES;
				GCC_OPTIMIZATION_LEVEL = 0;
				GCC_PREPROCESSOR_DEFINITIONS = (
					"DEBUG=1",
					"$(inherited)",
				);
				GCC_WARN_64_TO_32_BIT_CONVERSION = YES;
				GCC_WARN_ABOUT_RETURN_TYPE = YES_ERROR;
				GCC_WARN_UNDECLARED_SELECTOR = YES;
				GCC_WARN_UNINITIALIZED_AUTOS = YES_AGGRESSIVE;
				GCC_WARN_UNUSED_FUNCTION = YES;
				GCC_WARN_UNUSED_VARIABLE = YES;
				IPHONEOS_DEPLOYMENT_TARGET = 13.5;
				MTL_ENABLE_DEBUG_INFO = INCLUDE_SOURCE;
				MTL_FAST_MATH = YES;
				ONLY_ACTIVE_ARCH = YES;
				SDKROOT = iphoneos;
			};
			name = Debug;
		};
		CA91854C24B3CE57008F7BDF /* Release */ = {
			isa = XCBuildConfiguration;
			buildSettings = {
				ALWAYS_SEARCH_USER_PATHS = NO;
				CLANG_ANALYZER_NONNULL = YES;
				CLANG_ANALYZER_NUMBER_OBJECT_CONVERSION = YES_AGGRESSIVE;
				CLANG_CXX_LANGUAGE_STANDARD = "gnu++14";
				CLANG_CXX_LIBRARY = "libc++";
				CLANG_ENABLE_MODULES = YES;
				CLANG_ENABLE_OBJC_ARC = YES;
				CLANG_ENABLE_OBJC_WEAK = YES;
				CLANG_WARN_BLOCK_CAPTURE_AUTORELEASING = YES;
				CLANG_WARN_BOOL_CONVERSION = YES;
				CLANG_WARN_COMMA = YES;
				CLANG_WARN_CONSTANT_CONVERSION = YES;
				CLANG_WARN_DEPRECATED_OBJC_IMPLEMENTATIONS = YES;
				CLANG_WARN_DIRECT_OBJC_ISA_USAGE = YES_ERROR;
				CLANG_WARN_DOCUMENTATION_COMMENTS = YES;
				CLANG_WARN_EMPTY_BODY = YES;
				CLANG_WARN_ENUM_CONVERSION = YES;
				CLANG_WARN_INFINITE_RECURSION = YES;
				CLANG_WARN_INT_CONVERSION = YES;
				CLANG_WARN_NON_LITERAL_NULL_CONVERSION = YES;
				CLANG_WARN_OBJC_IMPLICIT_RETAIN_SELF = YES;
				CLANG_WARN_OBJC_LITERAL_CONVERSION = YES;
				CLANG_WARN_OBJC_ROOT_CLASS = YES_ERROR;
				CLANG_WARN_RANGE_LOOP_ANALYSIS = YES;
				CLANG_WARN_STRICT_PROTOTYPES = YES;
				CLANG_WARN_SUSPICIOUS_MOVE = YES;
				CLANG_WARN_UNGUARDED_AVAILABILITY = YES_AGGRESSIVE;
				CLANG_WARN_UNREACHABLE_CODE = YES;
				CLANG_WARN__DUPLICATE_METHOD_MATCH = YES;
				COPY_PHASE_STRIP = NO;
				DEBUG_INFORMATION_FORMAT = "dwarf-with-dsym";
				ENABLE_NS_ASSERTIONS = NO;
				ENABLE_STRICT_OBJC_MSGSEND = YES;
				GCC_C_LANGUAGE_STANDARD = gnu11;
				GCC_NO_COMMON_BLOCKS = YES;
				GCC_WARN_64_TO_32_BIT_CONVERSION = YES;
				GCC_WARN_ABOUT_RETURN_TYPE = YES_ERROR;
				GCC_WARN_UNDECLARED_SELECTOR = YES;
				GCC_WARN_UNINITIALIZED_AUTOS = YES_AGGRESSIVE;
				GCC_WARN_UNUSED_FUNCTION = YES;
				GCC_WARN_UNUSED_VARIABLE = YES;
				IPHONEOS_DEPLOYMENT_TARGET = 13.5;
				MTL_ENABLE_DEBUG_INFO = NO;
				MTL_FAST_MATH = YES;
				SDKROOT = iphoneos;
				VALIDATE_PRODUCT = YES;
			};
			name = Release;
		};
		CA91854E24B3CE57008F7BDF /* Debug */ = {
			isa = XCBuildConfiguration;
			baseConfigurationReference = A730CBCF69CD30075BE87F89 /* Pods-InstagramClient.debug.xcconfig */;
			buildSettings = {
				ASSETCATALOG_COMPILER_APPICON_NAME = AppIcon;
				CODE_SIGN_STYLE = Automatic;
				INFOPLIST_FILE = InstagramClient/Info.plist;
				LD_RUNPATH_SEARCH_PATHS = (
					"$(inherited)",
					"@executable_path/Frameworks",
				);
				PRODUCT_BUNDLE_IDENTIFIER = com.githelsuico.InstagramClient;
				PRODUCT_NAME = "$(TARGET_NAME)";
				TARGETED_DEVICE_FAMILY = "1,2";
			};
			name = Debug;
		};
		CA91854F24B3CE57008F7BDF /* Release */ = {
			isa = XCBuildConfiguration;
			baseConfigurationReference = C4B9646940B4C3F0452CED99 /* Pods-InstagramClient.release.xcconfig */;
			buildSettings = {
				ASSETCATALOG_COMPILER_APPICON_NAME = AppIcon;
				CODE_SIGN_STYLE = Automatic;
				INFOPLIST_FILE = InstagramClient/Info.plist;
				LD_RUNPATH_SEARCH_PATHS = (
					"$(inherited)",
					"@executable_path/Frameworks",
				);
				PRODUCT_BUNDLE_IDENTIFIER = com.githelsuico.InstagramClient;
				PRODUCT_NAME = "$(TARGET_NAME)";
				TARGETED_DEVICE_FAMILY = "1,2";
			};
			name = Release;
		};
		CA91855124B3CE57008F7BDF /* Debug */ = {
			isa = XCBuildConfiguration;
			baseConfigurationReference = EFCFEF2631922A2E3B1FCC22 /* Pods-InstagramClientTests.debug.xcconfig */;
			buildSettings = {
				BUNDLE_LOADER = "$(TEST_HOST)";
				CODE_SIGN_STYLE = Automatic;
				INFOPLIST_FILE = InstagramClientTests/Info.plist;
				IPHONEOS_DEPLOYMENT_TARGET = 13.5;
				LD_RUNPATH_SEARCH_PATHS = (
					"$(inherited)",
					"@executable_path/Frameworks",
					"@loader_path/Frameworks",
				);
				PRODUCT_BUNDLE_IDENTIFIER = com.githelsuico.InstagramClientTests;
				PRODUCT_NAME = "$(TARGET_NAME)";
				TARGETED_DEVICE_FAMILY = "1,2";
				TEST_HOST = "$(BUILT_PRODUCTS_DIR)/InstagramClient.app/InstagramClient";
			};
			name = Debug;
		};
		CA91855224B3CE57008F7BDF /* Release */ = {
			isa = XCBuildConfiguration;
			baseConfigurationReference = E94417581A178FF1FD731445 /* Pods-InstagramClientTests.release.xcconfig */;
			buildSettings = {
				BUNDLE_LOADER = "$(TEST_HOST)";
				CODE_SIGN_STYLE = Automatic;
				INFOPLIST_FILE = InstagramClientTests/Info.plist;
				IPHONEOS_DEPLOYMENT_TARGET = 13.5;
				LD_RUNPATH_SEARCH_PATHS = (
					"$(inherited)",
					"@executable_path/Frameworks",
					"@loader_path/Frameworks",
				);
				PRODUCT_BUNDLE_IDENTIFIER = com.githelsuico.InstagramClientTests;
				PRODUCT_NAME = "$(TARGET_NAME)";
				TARGETED_DEVICE_FAMILY = "1,2";
				TEST_HOST = "$(BUILT_PRODUCTS_DIR)/InstagramClient.app/InstagramClient";
			};
			name = Release;
		};
		CA91855424B3CE57008F7BDF /* Debug */ = {
			isa = XCBuildConfiguration;
			baseConfigurationReference = AB363D1D7FAF33617F266666 /* Pods-InstagramClient-InstagramClientUITests.debug.xcconfig */;
			buildSettings = {
				CODE_SIGN_STYLE = Automatic;
				INFOPLIST_FILE = InstagramClientUITests/Info.plist;
				LD_RUNPATH_SEARCH_PATHS = (
					"$(inherited)",
					"@executable_path/Frameworks",
					"@loader_path/Frameworks",
				);
				PRODUCT_BUNDLE_IDENTIFIER = com.githelsuico.InstagramClientUITests;
				PRODUCT_NAME = "$(TARGET_NAME)";
				TARGETED_DEVICE_FAMILY = "1,2";
				TEST_TARGET_NAME = InstagramClient;
			};
			name = Debug;
		};
		CA91855524B3CE57008F7BDF /* Release */ = {
			isa = XCBuildConfiguration;
			baseConfigurationReference = A1DFEBC62BD80880B958D779 /* Pods-InstagramClient-InstagramClientUITests.release.xcconfig */;
			buildSettings = {
				CODE_SIGN_STYLE = Automatic;
				INFOPLIST_FILE = InstagramClientUITests/Info.plist;
				LD_RUNPATH_SEARCH_PATHS = (
					"$(inherited)",
					"@executable_path/Frameworks",
					"@loader_path/Frameworks",
				);
				PRODUCT_BUNDLE_IDENTIFIER = com.githelsuico.InstagramClientUITests;
				PRODUCT_NAME = "$(TARGET_NAME)";
				TARGETED_DEVICE_FAMILY = "1,2";
				TEST_TARGET_NAME = InstagramClient;
			};
			name = Release;
		};
/* End XCBuildConfiguration section */

/* Begin XCConfigurationList section */
		CA91851924B3CE57008F7BDF /* Build configuration list for PBXProject "InstagramClient" */ = {
			isa = XCConfigurationList;
			buildConfigurations = (
				CA91854B24B3CE57008F7BDF /* Debug */,
				CA91854C24B3CE57008F7BDF /* Release */,
			);
			defaultConfigurationIsVisible = 0;
			defaultConfigurationName = Release;
		};
		CA91854D24B3CE57008F7BDF /* Build configuration list for PBXNativeTarget "InstagramClient" */ = {
			isa = XCConfigurationList;
			buildConfigurations = (
				CA91854E24B3CE57008F7BDF /* Debug */,
				CA91854F24B3CE57008F7BDF /* Release */,
			);
			defaultConfigurationIsVisible = 0;
			defaultConfigurationName = Release;
		};
		CA91855024B3CE57008F7BDF /* Build configuration list for PBXNativeTarget "InstagramClientTests" */ = {
			isa = XCConfigurationList;
			buildConfigurations = (
				CA91855124B3CE57008F7BDF /* Debug */,
				CA91855224B3CE57008F7BDF /* Release */,
			);
			defaultConfigurationIsVisible = 0;
			defaultConfigurationName = Release;
		};
		CA91855324B3CE57008F7BDF /* Build configuration list for PBXNativeTarget "InstagramClientUITests" */ = {
			isa = XCConfigurationList;
			buildConfigurations = (
				CA91855424B3CE57008F7BDF /* Debug */,
				CA91855524B3CE57008F7BDF /* Release */,
			);
			defaultConfigurationIsVisible = 0;
			defaultConfigurationName = Release;
		};
/* End XCConfigurationList section */
	};
	rootObject = CA91851624B3CE57008F7BDF /* Project object */;
}
